
Microsoft Visual Studio Solution File, Format Version 12.00
# Visual Studio Version 16
VisualStudioVersion = 16.0.31410.357
MinimumVisualStudioVersion = 10.0.40219.1
Project("{FAE04EC0-301F-11D3-BF4B-00C04F79EFBC}") = "Weenove application", "Weenove application\Weenove application.csproj", "{2DD436B9-361B-4D93-B939-78A2106320BA}"
EndProject
Global
	GlobalSection(SolutionConfigurationPlatforms) = preSolution
		Debug|Any CPU = Debug|Any CPU
		Release|Any CPU = Release|Any CPU
	EndGlobalSection
	GlobalSection(ProjectConfigurationPlatforms) = postSolution
		{2DD436B9-361B-4D93-B939-78A2106320BA}.Debug|Any CPU.ActiveCfg = Debug|Any CPU
		{2DD436B9-361B-4D93-B939-78A2106320BA}.Debug|Any CPU.Build.0 = Debug|Any CPU
		{2DD436B9-361B-4D93-B939-78A2106320BA}.Release|Any CPU.ActiveCfg = Release|Any CPU
		{2DD436B9-361B-4D93-B939-78A2106320BA}.Release|Any CPU.Build.0 = Release|Any CPU
	EndGlobalSection
	GlobalSection(SolutionProperties) = preSolution
		HideSolutionNode = FALSE
	EndGlobalSection
	GlobalSection(ExtensibilityGlobals) = postSolution
		SolutionGuid = {637738C0-3C37-4E64-8FBF-1422EC5FFA3F}
	EndGlobalSection
EndGlobal
